
Microsoft Visual Studio Solution File, Format Version 12.00
# Visual Studio Version 16
VisualStudioVersion = 16.0.33130.400
MinimumVisualStudioVersion = 10.0.40219.1
Project("{FAE04EC0-301F-11D3-BF4B-00C04F79EFBC}") = "eMovies", "eMovies\eMovies.csproj", "{A7FC555A-A4CF-44EA-8A52-F9F2D7A9F7EC}"
EndProject
Global
	GlobalSection(SolutionConfigurationPlatforms) = preSolution
		Debug|Any CPU = Debug|Any CPU
		Release|Any CPU = Release|Any CPU
	EndGlobalSection
	GlobalSection(ProjectConfigurationPlatforms) = postSolution
		{A7FC555A-A4CF-44EA-8A52-F9F2D7A9F7EC}.Debug|Any CPU.ActiveCfg = Debug|Any CPU
		{A7FC555A-A4CF-44EA-8A52-F9F2D7A9F7EC}.Debug|Any CPU.Build.0 = Debug|Any CPU
		{A7FC555A-A4CF-44EA-8A52-F9F2D7A9F7EC}.Release|Any CPU.ActiveCfg = Release|Any CPU
		{A7FC555A-A4CF-44EA-8A52-F9F2D7A9F7EC}.Release|Any CPU.Build.0 = Release|Any CPU
	EndGlobalSection
	GlobalSection(SolutionProperties) = preSolution
		HideSolutionNode = FALSE
	EndGlobalSection
	GlobalSection(ExtensibilityGlobals) = postSolution
		SolutionGuid = {75A34142-6769-4537-A258-F047B52E9C00}
	EndGlobalSection
EndGlobal
